
Microsoft Visual Studio Solution File, Format Version 12.00
# Visual Studio Version 17
VisualStudioVersion = 17.7.34031.279
MinimumVisualStudioVersion = 10.0.40219.1
Project("{FAE04EC0-301F-11D3-BF4B-00C04F79EFBC}") = "LOOPING", "LOOPING\LOOPING.csproj", "{75FE0791-0867-497A-89E1-93FD16EE21CC}"
EndProject
Global
	GlobalSection(SolutionConfigurationPlatforms) = preSolution
		Debug|Any CPU = Debug|Any CPU
		Release|Any CPU = Release|Any CPU
	EndGlobalSection
	GlobalSection(ProjectConfigurationPlatforms) = postSolution
		{75FE0791-0867-497A-89E1-93FD16EE21CC}.Debug|Any CPU.ActiveCfg = Debug|Any CPU
		{75FE0791-0867-497A-89E1-93FD16EE21CC}.Debug|Any CPU.Build.0 = Debug|Any CPU
		{75FE0791-0867-497A-89E1-93FD16EE21CC}.Release|Any CPU.ActiveCfg = Release|Any CPU
		{75FE0791-0867-497A-89E1-93FD16EE21CC}.Release|Any CPU.Build.0 = Release|Any CPU
	EndGlobalSection
	GlobalSection(SolutionProperties) = preSolution
		HideSolutionNode = FALSE
	EndGlobalSection
	GlobalSection(ExtensibilityGlobals) = postSolution
		SolutionGuid = {785C60C2-8D88-46C0-9909-80AE6DF06D1A}
	EndGlobalSection
EndGlobal
